<Solution>
  <Folder Name="/services/" />
  <Folder Name="/services/MerchantService/">
    <Project Path="services/MerchantService/MerchantService.Api/MerchantService.Api.csproj" />
    <Project Path="services/MerchantService/MerchantService.Application/MerchantService.Application.csproj" />
    <Project Path="services/MerchantService/MerchantService.Domain/MerchantService.Domain.csproj" />
    <Project Path="services/MerchantService/MerchantService.Infrastructure/MerchantService.Infrastructure.csproj" />
  </Folder>
  <Folder Name="/services/OnboardingApplicationService/">
    <Project Path="services/OnboardingApplicationService/OnboardingApplicationService.Api/OnboardingApplicationService.Api.csproj" />
    <Project Path="services/OnboardingApplicationService/OnboardingApplicationService.Application/OnboardingApplicationService.Application.csproj" />
    <Project Path="services/OnboardingApplicationService/OnboardingApplicationService.Domain/OnboardingApplicationService.Domain.csproj" />
    <Project Path="services/OnboardingApplicationService/OnboardingApplicationService.Infrastructure/OnboardingApplicationService.Infrastructure.csproj" />
  </Folder>
  <Folder Name="/services/ProductService/">
    <Project Path="services/ProductService/ProductService.Api/ProductService.Api.csproj" />
    <Project Path="services/ProductService/ProductService.Application/ProductService.Application.csproj" />
    <Project Path="services/ProductService/ProductService.Domain/ProductService.Domain.csproj" />
    <Project Path="services/ProductService/ProductService.Infrastructure/ProductService.Infrastructure.csproj" />
  </Folder>
</Solution>
